// !$*UTF8*$!
{
	archiveVersion = 1;
	classes = {
	};
	objectVersion = 50;
	objects = {

/* Begin PBXBuildFile section */
		840850F1264D784700EF9F34 /* HeaderView.swift in Sources */ = {isa = PBXBuildFile; fileRef = 840850F0264D784700EF9F34 /* HeaderView.swift */; };
		840850F6264D8B9500EF9F34 /* ListSectionView.swift in Sources */ = {isa = PBXBuildFile; fileRef = 840850F5264D8B9500EF9F34 /* ListSectionView.swift */; };
		840850FA264D99EE00EF9F34 /* CalculatorView.swift in Sources */ = {isa = PBXBuildFile; fileRef = 840850F9264D99EE00EF9F34 /* CalculatorView.swift */; };
		840850FD264DD86400EF9F34 /* ButtonView.swift in Sources */ = {isa = PBXBuildFile; fileRef = 840850FC264DD86400EF9F34 /* ButtonView.swift */; };
		842F1618262F154F00CEAE9A /* ListSelectorView.swift in Sources */ = {isa = PBXBuildFile; fileRef = 842F1617262F154F00CEAE9A /* ListSelectorView.swift */; };
		842F161B262F26D900CEAE9A /* ListModel.swift in Sources */ = {isa = PBXBuildFile; fileRef = 842F161A262F26D900CEAE9A /* ListModel.swift */; };
		84458E0D267A9A4F00CAA318 /* listSubView.swift in Sources */ = {isa = PBXBuildFile; fileRef = 84458E0C267A9A4F00CAA318 /* listSubView.swift */; };
		84574A592637353D004817E8 /* WelcomeViewController.swift in Sources */ = {isa = PBXBuildFile; fileRef = 84574A582637353D004817E8 /* WelcomeViewController.swift */; };
		84574A98263768A1004817E8 /* WelcomePage2ViewController.swift in Sources */ = {isa = PBXBuildFile; fileRef = 84574A97263768A1004817E8 /* WelcomePage2ViewController.swift */; };
		84574A9B263768AE004817E8 /* WelcomePage3ViewController.swift in Sources */ = {isa = PBXBuildFile; fileRef = 84574A9A263768AE004817E8 /* WelcomePage3ViewController.swift */; };
		84574A9F26382488004817E8 /* WelcomeTutorialView.swift in Sources */ = {isa = PBXBuildFile; fileRef = 84574A9E26382488004817E8 /* WelcomeTutorialView.swift */; };
		84574AA22638275D004817E8 /* TutorialTabView1.swift in Sources */ = {isa = PBXBuildFile; fileRef = 84574AA12638275D004817E8 /* TutorialTabView1.swift */; };
		84574AA526382CF0004817E8 /* TutorialTabView2.swift in Sources */ = {isa = PBXBuildFile; fileRef = 84574AA426382CF0004817E8 /* TutorialTabView2.swift */; };
		84574AA826383434004817E8 /* TutorialTabView3.swift in Sources */ = {isa = PBXBuildFile; fileRef = 84574AA726383434004817E8 /* TutorialTabView3.swift */; };
		84755C7F2655ADE4005A2FAF /* ContentView.swift in Sources */ = {isa = PBXBuildFile; fileRef = 84755C7E2655ADE4005A2FAF /* ContentView.swift */; };
		847AAB7D2614AB8E00D290D0 /* ListViewController.swift in Sources */ = {isa = PBXBuildFile; fileRef = 847AAB7C2614AB8E00D290D0 /* ListViewController.swift */; };
		847AAB802614AFA500D290D0 /* ShoppingItem.swift in Sources */ = {isa = PBXBuildFile; fileRef = 847AAB7F2614AFA500D290D0 /* ShoppingItem.swift */; };
		847AAB8326150D6F00D290D0 /* DripSound.m4a in Resources */ = {isa = PBXBuildFile; fileRef = 847AAB8226150D6F00D290D0 /* DripSound.m4a */; };
		847AAB8926161D6A00D290D0 /* DripSound2.m4a in Resources */ = {isa = PBXBuildFile; fileRef = 847AAB8826161D6A00D290D0 /* DripSound2.m4a */; };
		847AAB8D261CA6D000D290D0 /* InfoPageViewController.swift in Sources */ = {isa = PBXBuildFile; fileRef = 847AAB8C261CA6D000D290D0 /* InfoPageViewController.swift */; };
		84BB2CF826554CE60053593A /* HostViewController.swift in Sources */ = {isa = PBXBuildFile; fileRef = 84BB2CF726554CE60053593A /* HostViewController.swift */; };
		84CC39742670FF4C00E9AFDB /* KeyBoard.swift in Sources */ = {isa = PBXBuildFile; fileRef = 84CC39732670FF4C00E9AFDB /* KeyBoard.swift */; };
		84CC397826713C3600E9AFDB /* List.swift in Sources */ = {isa = PBXBuildFile; fileRef = 84CC397726713C3600E9AFDB /* List.swift */; };
		84CC397B26713F8400E9AFDB /* ItemView.swift in Sources */ = {isa = PBXBuildFile; fileRef = 84CC397A26713F8400E9AFDB /* ItemView.swift */; };
		84CC397F26715C9400E9AFDB /* ParentView.swift in Sources */ = {isa = PBXBuildFile; fileRef = 84CC397E26715C9400E9AFDB /* ParentView.swift */; };
		84EB1CF62613866E00670CE1 /* AppDelegate.swift in Sources */ = {isa = PBXBuildFile; fileRef = 84EB1CF52613866E00670CE1 /* AppDelegate.swift */; };
		84EB1CF82613866E00670CE1 /* SceneDelegate.swift in Sources */ = {isa = PBXBuildFile; fileRef = 84EB1CF72613866E00670CE1 /* SceneDelegate.swift */; };
		84EB1CFA2613866E00670CE1 /* ViewController.swift in Sources */ = {isa = PBXBuildFile; fileRef = 84EB1CF92613866E00670CE1 /* ViewController.swift */; };
		84EB1CFD2613866E00670CE1 /* Main.storyboard in Resources */ = {isa = PBXBuildFile; fileRef = 84EB1CFB2613866E00670CE1 /* Main.storyboard */; };
		84EB1D002613866E00670CE1 /* DataModel.xcdatamodeld in Sources */ = {isa = PBXBuildFile; fileRef = 84EB1CFE2613866E00670CE1 /* DataModel.xcdatamodeld */; };
		84EB1D022613867100670CE1 /* Assets.xcassets in Resources */ = {isa = PBXBuildFile; fileRef = 84EB1D012613867100670CE1 /* Assets.xcassets */; };
		84EB1D052613867100670CE1 /* LaunchScreen.storyboard in Resources */ = {isa = PBXBuildFile; fileRef = 84EB1D032613867100670CE1 /* LaunchScreen.storyboard */; };
/* End PBXBuildFile section */

/* Begin PBXFileReference section */
		840850F0264D784700EF9F34 /* HeaderView.swift */ = {isa = PBXFileReference; lastKnownFileType = sourcecode.swift; path = HeaderView.swift; sourceTree = "<group>"; };
		840850F5264D8B9500EF9F34 /* ListSectionView.swift */ = {isa = PBXFileReference; lastKnownFileType = sourcecode.swift; path = ListSectionView.swift; sourceTree = "<group>"; };
		840850F9264D99EE00EF9F34 /* CalculatorView.swift */ = {isa = PBXFileReference; lastKnownFileType = sourcecode.swift; path = CalculatorView.swift; sourceTree = "<group>"; };
		840850FC264DD86400EF9F34 /* ButtonView.swift */ = {isa = PBXFileReference; lastKnownFileType = sourcecode.swift; path = ButtonView.swift; sourceTree = "<group>"; };
		842F1617262F154F00CEAE9A /* ListSelectorView.swift */ = {isa = PBXFileReference; lastKnownFileType = sourcecode.swift; path = ListSelectorView.swift; sourceTree = "<group>"; };
		842F161A262F26D900CEAE9A /* ListModel.swift */ = {isa = PBXFileReference; lastKnownFileType = sourcecode.swift; path = ListModel.swift; sourceTree = "<group>"; };
		84458E0C267A9A4F00CAA318 /* listSubView.swift */ = {isa = PBXFileReference; lastKnownFileType = sourcecode.swift; path = listSubView.swift; sourceTree = "<group>"; };
		84574A582637353D004817E8 /* WelcomeViewController.swift */ = {isa = PBXFileReference; lastKnownFileType = sourcecode.swift; path = WelcomeViewController.swift; sourceTree = "<group>"; };
		84574A97263768A1004817E8 /* WelcomePage2ViewController.swift */ = {isa = PBXFileReference; lastKnownFileType = sourcecode.swift; path = WelcomePage2ViewController.swift; sourceTree = "<group>"; };
		84574A9A263768AE004817E8 /* WelcomePage3ViewController.swift */ = {isa = PBXFileReference; lastKnownFileType = sourcecode.swift; path = WelcomePage3ViewController.swift; sourceTree = "<group>"; };
		84574A9E26382488004817E8 /* WelcomeTutorialView.swift */ = {isa = PBXFileReference; lastKnownFileType = sourcecode.swift; path = WelcomeTutorialView.swift; sourceTree = "<group>"; };
		84574AA12638275D004817E8 /* TutorialTabView1.swift */ = {isa = PBXFileReference; lastKnownFileType = sourcecode.swift; path = TutorialTabView1.swift; sourceTree = "<group>"; };
		84574AA426382CF0004817E8 /* TutorialTabView2.swift */ = {isa = PBXFileReference; lastKnownFileType = sourcecode.swift; path = TutorialTabView2.swift; sourceTree = "<group>"; };
		84574AA726383434004817E8 /* TutorialTabView3.swift */ = {isa = PBXFileReference; lastKnownFileType = sourcecode.swift; path = TutorialTabView3.swift; sourceTree = "<group>"; };
		84755C7E2655ADE4005A2FAF /* ContentView.swift */ = {isa = PBXFileReference; lastKnownFileType = sourcecode.swift; path = ContentView.swift; sourceTree = "<group>"; };
		847AAB7C2614AB8E00D290D0 /* ListViewController.swift */ = {isa = PBXFileReference; lastKnownFileType = sourcecode.swift; path = ListViewController.swift; sourceTree = "<group>"; };
		847AAB7F2614AFA500D290D0 /* ShoppingItem.swift */ = {isa = PBXFileReference; lastKnownFileType = sourcecode.swift; path = ShoppingItem.swift; sourceTree = "<group>"; };
		847AAB8226150D6F00D290D0 /* DripSound.m4a */ = {isa = PBXFileReference; lastKnownFileType = file; path = DripSound.m4a; sourceTree = "<group>"; };
		847AAB8826161D6A00D290D0 /* DripSound2.m4a */ = {isa = PBXFileReference; lastKnownFileType = file; name = DripSound2.m4a; path = ../../DripSound2.m4a; sourceTree = "<group>"; };
		847AAB8C261CA6D000D290D0 /* InfoPageViewController.swift */ = {isa = PBXFileReference; lastKnownFileType = sourcecode.swift; path = InfoPageViewController.swift; sourceTree = "<group>"; };
		84BB2CF726554CE60053593A /* HostViewController.swift */ = {isa = PBXFileReference; lastKnownFileType = sourcecode.swift; path = HostViewController.swift; sourceTree = "<group>"; };
		84CC39732670FF4C00E9AFDB /* KeyBoard.swift */ = {isa = PBXFileReference; lastKnownFileType = sourcecode.swift; path = KeyBoard.swift; sourceTree = "<group>"; };
		84CC397726713C3600E9AFDB /* List.swift */ = {isa = PBXFileReference; lastKnownFileType = sourcecode.swift; path = List.swift; sourceTree = "<group>"; };
		84CC397A26713F8400E9AFDB /* ItemView.swift */ = {isa = PBXFileReference; lastKnownFileType = sourcecode.swift; path = ItemView.swift; sourceTree = "<group>"; };
		84CC397E26715C9400E9AFDB /* ParentView.swift */ = {isa = PBXFileReference; lastKnownFileType = sourcecode.swift; path = ParentView.swift; sourceTree = "<group>"; };
		84EB1CF22613866E00670CE1 /* groceryCalculator.app */ = {isa = PBXFileReference; explicitFileType = wrapper.application; includeInIndex = 0; path = groceryCalculator.app; sourceTree = BUILT_PRODUCTS_DIR; };
		84EB1CF52613866E00670CE1 /* AppDelegate.swift */ = {isa = PBXFileReference; lastKnownFileType = sourcecode.swift; path = AppDelegate.swift; sourceTree = "<group>"; };
		84EB1CF72613866E00670CE1 /* SceneDelegate.swift */ = {isa = PBXFileReference; lastKnownFileType = sourcecode.swift; path = SceneDelegate.swift; sourceTree = "<group>"; };
		84EB1CF92613866E00670CE1 /* ViewController.swift */ = {isa = PBXFileReference; lastKnownFileType = sourcecode.swift; path = ViewController.swift; sourceTree = "<group>"; };
		84EB1CFC2613866E00670CE1 /* Base */ = {isa = PBXFileReference; lastKnownFileType = file.storyboard; name = Base; path = Base.lproj/Main.storyboard; sourceTree = "<group>"; };
		84EB1CFF2613866E00670CE1 /* groceryCalculator.xcdatamodel */ = {isa = PBXFileReference; lastKnownFileType = wrapper.xcdatamodel; path = groceryCalculator.xcdatamodel; sourceTree = "<group>"; };
		84EB1D012613867100670CE1 /* Assets.xcassets */ = {isa = PBXFileReference; lastKnownFileType = folder.assetcatalog; path = Assets.xcassets; sourceTree = "<group>"; };
		84EB1D042613867100670CE1 /* Base */ = {isa = PBXFileReference; lastKnownFileType = file.storyboard; name = Base; path = Base.lproj/LaunchScreen.storyboard; sourceTree = "<group>"; };
		84EB1D062613867100670CE1 /* Info.plist */ = {isa = PBXFileReference; lastKnownFileType = text.plist.xml; path = Info.plist; sourceTree = "<group>"; };
/* End PBXFileReference section */

/* Begin PBXFrameworksBuildPhase section */
		84EB1CEF2613866E00670CE1 /* Frameworks */ = {
			isa = PBXFrameworksBuildPhase;
			buildActionMask = 2147483647;
			files = (
			);
			runOnlyForDeploymentPostprocessing = 0;
		};
/* End PBXFrameworksBuildPhase section */

/* Begin PBXGroup section */
		840777D5261E2213005F82C3 /* Data Models */ = {
			isa = PBXGroup;
			children = (
				847AAB7F2614AFA500D290D0 /* ShoppingItem.swift */,
				842F161A262F26D900CEAE9A /* ListModel.swift */,
			);
			path = "Data Models";
			sourceTree = "<group>";
		};
		840777D6261E2229005F82C3 /* Views */ = {
			isa = PBXGroup;
			children = (
				84EB1CFB2613866E00670CE1 /* Main.storyboard */,
				84574A9E26382488004817E8 /* WelcomeTutorialView.swift */,
				84574AA12638275D004817E8 /* TutorialTabView1.swift */,
				84574AA426382CF0004817E8 /* TutorialTabView2.swift */,
				84574AA726383434004817E8 /* TutorialTabView3.swift */,
				840850F0264D784700EF9F34 /* HeaderView.swift */,
				840850F5264D8B9500EF9F34 /* ListSectionView.swift */,
				840850F9264D99EE00EF9F34 /* CalculatorView.swift */,
				840850FC264DD86400EF9F34 /* ButtonView.swift */,
				84755C7E2655ADE4005A2FAF /* ContentView.swift */,
				84CC39732670FF4C00E9AFDB /* KeyBoard.swift */,
				84CC397E26715C9400E9AFDB /* ParentView.swift */,
				84458E0C267A9A4F00CAA318 /* listSubView.swift */,
				84CC397726713C3600E9AFDB /* List.swift */,
				84CC397A26713F8400E9AFDB /* ItemView.swift */,
			);
			path = Views;
			sourceTree = "<group>";
		};
		840777D7261E223C005F82C3 /* Controllers */ = {
			isa = PBXGroup;
			children = (
				84EB1CF92613866E00670CE1 /* ViewController.swift */,
				847AAB8C261CA6D000D290D0 /* InfoPageViewController.swift */,
				842F1617262F154F00CEAE9A /* ListSelectorView.swift */,
				84574A582637353D004817E8 /* WelcomeViewController.swift */,
				84574A97263768A1004817E8 /* WelcomePage2ViewController.swift */,
				84574A9A263768AE004817E8 /* WelcomePage3ViewController.swift */,
				84BB2CF726554CE60053593A /* HostViewController.swift */,
			);
			path = Controllers;
			sourceTree = "<group>";
		};
		84EB1CE92613866E00670CE1 = {
			isa = PBXGroup;
			children = (
				84EB1CF42613866E00670CE1 /* groceryCalculator */,
				84EB1CF32613866E00670CE1 /* Products */,
			);
			sourceTree = "<group>";
		};
		84EB1CF32613866E00670CE1 /* Products */ = {
			isa = PBXGroup;
			children = (
				84EB1CF22613866E00670CE1 /* groceryCalculator.app */,
			);
			name = Products;
			sourceTree = "<group>";
		};
		84EB1CF42613866E00670CE1 /* groceryCalculator */ = {
			isa = PBXGroup;
			children = (
				84EB1CF52613866E00670CE1 /* AppDelegate.swift */,
				84EB1CF72613866E00670CE1 /* SceneDelegate.swift */,
				840777D7261E223C005F82C3 /* Controllers */,
				840777D6261E2229005F82C3 /* Views */,
				840777D5261E2213005F82C3 /* Data Models */,
				847AAB7C2614AB8E00D290D0 /* ListViewController.swift */,
				84EB1D012613867100670CE1 /* Assets.xcassets */,
				847AAB8826161D6A00D290D0 /* DripSound2.m4a */,
				847AAB8226150D6F00D290D0 /* DripSound.m4a */,
				84EB1D032613867100670CE1 /* LaunchScreen.storyboard */,
				84EB1D062613867100670CE1 /* Info.plist */,
				84EB1CFE2613866E00670CE1 /* DataModel.xcdatamodeld */,
			);
			path = groceryCalculator;
			sourceTree = "<group>";
		};
/* End PBXGroup section */

/* Begin PBXNativeTarget section */
		84EB1CF12613866E00670CE1 /* groceryCalculator */ = {
			isa = PBXNativeTarget;
			buildConfigurationList = 84EB1D092613867100670CE1 /* Build configuration list for PBXNativeTarget "groceryCalculator" */;
			buildPhases = (
				84EB1CEE2613866E00670CE1 /* Sources */,
				84EB1CEF2613866E00670CE1 /* Frameworks */,
				84EB1CF02613866E00670CE1 /* Resources */,
			);
			buildRules = (
			);
			dependencies = (
			);
			name = groceryCalculator;
			productName = groceryCalculator;
			productReference = 84EB1CF22613866E00670CE1 /* groceryCalculator.app */;
			productType = "com.apple.product-type.application";
		};
/* End PBXNativeTarget section */

/* Begin PBXProject section */
		84EB1CEA2613866E00670CE1 /* Project object */ = {
			isa = PBXProject;
			attributes = {
				LastSwiftUpdateCheck = 1240;
				LastUpgradeCheck = 1240;
				TargetAttributes = {
					84EB1CF12613866E00670CE1 = {
						CreatedOnToolsVersion = 12.4;
					};
				};
			};
			buildConfigurationList = 84EB1CED2613866E00670CE1 /* Build configuration list for PBXProject "groceryCalculator" */;
			compatibilityVersion = "Xcode 9.3";
			developmentRegion = en;
			hasScannedForEncodings = 0;
			knownRegions = (
				en,
				Base,
			);
			mainGroup = 84EB1CE92613866E00670CE1;
			productRefGroup = 84EB1CF32613866E00670CE1 /* Products */;
			projectDirPath = "";
			projectRoot = "";
			targets = (
				84EB1CF12613866E00670CE1 /* groceryCalculator */,
			);
		};
/* End PBXProject section */

/* Begin PBXResourcesBuildPhase section */
		84EB1CF02613866E00670CE1 /* Resources */ = {
			isa = PBXResourcesBuildPhase;
			buildActionMask = 2147483647;
			files = (
				84EB1D052613867100670CE1 /* LaunchScreen.storyboard in Resources */,
				847AAB8326150D6F00D290D0 /* DripSound.m4a in Resources */,
				84EB1D022613867100670CE1 /* Assets.xcassets in Resources */,
				847AAB8926161D6A00D290D0 /* DripSound2.m4a in Resources */,
				84EB1CFD2613866E00670CE1 /* Main.storyboard in Resources */,
			);
			runOnlyForDeploymentPostprocessing = 0;
		};
/* End PBXResourcesBuildPhase section */

/* Begin PBXSourcesBuildPhase section */
		84EB1CEE2613866E00670CE1 /* Sources */ = {
			isa = PBXSourcesBuildPhase;
			buildActionMask = 2147483647;
			files = (
				84574AA526382CF0004817E8 /* TutorialTabView2.swift in Sources */,
				84458E0D267A9A4F00CAA318 /* listSubView.swift in Sources */,
				84574A9B263768AE004817E8 /* WelcomePage3ViewController.swift in Sources */,
				84BB2CF826554CE60053593A /* HostViewController.swift in Sources */,
				840850FD264DD86400EF9F34 /* ButtonView.swift in Sources */,
				840850FA264D99EE00EF9F34 /* CalculatorView.swift in Sources */,
				847AAB802614AFA500D290D0 /* ShoppingItem.swift in Sources */,
				84574A592637353D004817E8 /* WelcomeViewController.swift in Sources */,
				84EB1CFA2613866E00670CE1 /* ViewController.swift in Sources */,
				84574AA22638275D004817E8 /* TutorialTabView1.swift in Sources */,
				840850F1264D784700EF9F34 /* HeaderView.swift in Sources */,
				84EB1CF62613866E00670CE1 /* AppDelegate.swift in Sources */,
				842F1618262F154F00CEAE9A /* ListSelectorView.swift in Sources */,
				84755C7F2655ADE4005A2FAF /* ContentView.swift in Sources */,
				842F161B262F26D900CEAE9A /* ListModel.swift in Sources */,
				840850F6264D8B9500EF9F34 /* ListSectionView.swift in Sources */,
				84574A9F26382488004817E8 /* WelcomeTutorialView.swift in Sources */,
				84CC397F26715C9400E9AFDB /* ParentView.swift in Sources */,
				84CC39742670FF4C00E9AFDB /* KeyBoard.swift in Sources */,
				84CC397826713C3600E9AFDB /* List.swift in Sources */,
				84574AA826383434004817E8 /* TutorialTabView3.swift in Sources */,
				84CC397B26713F8400E9AFDB /* ItemView.swift in Sources */,
				847AAB8D261CA6D000D290D0 /* InfoPageViewController.swift in Sources */,
				84EB1CF82613866E00670CE1 /* SceneDelegate.swift in Sources */,
				847AAB7D2614AB8E00D290D0 /* ListViewController.swift in Sources */,
				84EB1D002613866E00670CE1 /* DataModel.xcdatamodeld in Sources */,
				84574A98263768A1004817E8 /* WelcomePage2ViewController.swift in Sources */,
			);
			runOnlyForDeploymentPostprocessing = 0;
		};
/* End PBXSourcesBuildPhase section */

/* Begin PBXVariantGroup section */
		84EB1CFB2613866E00670CE1 /* Main.storyboard */ = {
			isa = PBXVariantGroup;
			children = (
				84EB1CFC2613866E00670CE1 /* Base */,
			);
			name = Main.storyboard;
			sourceTree = "<group>";
		};
		84EB1D032613867100670CE1 /* LaunchScreen.storyboard */ = {
			isa = PBXVariantGroup;
			children = (
				84EB1D042613867100670CE1 /* Base */,
			);
			name = LaunchScreen.storyboard;
			sourceTree = "<group>";
		};
/* End PBXVariantGroup section */

/* Begin XCBuildConfiguration section */
		84EB1D072613867100670CE1 /* Debug */ = {
			isa = XCBuildConfiguration;
			buildSettings = {
				ALWAYS_SEARCH_USER_PATHS = NO;
				CLANG_ANALYZER_NONNULL = YES;
				CLANG_ANALYZER_NUMBER_OBJECT_CONVERSION = YES_AGGRESSIVE;
				CLANG_CXX_LANGUAGE_STANDARD = "gnu++14";
				CLANG_CXX_LIBRARY = "libc++";
				CLANG_ENABLE_MODULES = YES;
				CLANG_ENABLE_OBJC_ARC = YES;
				CLANG_ENABLE_OBJC_WEAK = YES;
				CLANG_WARN_BLOCK_CAPTURE_AUTORELEASING = YES;
				CLANG_WARN_BOOL_CONVERSION = YES;
				CLANG_WARN_COMMA = YES;
				CLANG_WARN_CONSTANT_CONVERSION = YES;
				CLANG_WARN_DEPRECATED_OBJC_IMPLEMENTATIONS = YES;
				CLANG_WARN_DIRECT_OBJC_ISA_USAGE = YES_ERROR;
				CLANG_WARN_DOCUMENTATION_COMMENTS = YES;
				CLANG_WARN_EMPTY_BODY = YES;
				CLANG_WARN_ENUM_CONVERSION = YES;
				CLANG_WARN_INFINITE_RECURSION = YES;
				CLANG_WARN_INT_CONVERSION = YES;
				CLANG_WARN_NON_LITERAL_NULL_CONVERSION = YES;
				CLANG_WARN_OBJC_IMPLICIT_RETAIN_SELF = YES;
				CLANG_WARN_OBJC_LITERAL_CONVERSION = YES;
				CLANG_WARN_OBJC_ROOT_CLASS = YES_ERROR;
				CLANG_WARN_QUOTED_INCLUDE_IN_FRAMEWORK_HEADER = YES;
				CLANG_WARN_RANGE_LOOP_ANALYSIS = YES;
				CLANG_WARN_STRICT_PROTOTYPES = YES;
				CLANG_WARN_SUSPICIOUS_MOVE = YES;
				CLANG_WARN_UNGUARDED_AVAILABILITY = YES_AGGRESSIVE;
				CLANG_WARN_UNREACHABLE_CODE = YES;
				CLANG_WARN__DUPLICATE_METHOD_MATCH = YES;
				COPY_PHASE_STRIP = NO;
				DEBUG_INFORMATION_FORMAT = dwarf;
				ENABLE_STRICT_OBJC_MSGSEND = YES;
				ENABLE_TESTABILITY = YES;
				GCC_C_LANGUAGE_STANDARD = gnu11;
				GCC_DYNAMIC_NO_PIC = NO;
				GCC_NO_COMMON_BLOCKS = YES;
				GCC_OPTIMIZATION_LEVEL = 0;
				GCC_PREPROCESSOR_DEFINITIONS = (
					"DEBUG=1",
					"$(inherited)",
				);
				GCC_WARN_64_TO_32_BIT_CONVERSION = YES;
				GCC_WARN_ABOUT_RETURN_TYPE = YES_ERROR;
				GCC_WARN_UNDECLARED_SELECTOR = YES;
				GCC_WARN_UNINITIALIZED_AUTOS = YES_AGGRESSIVE;
				GCC_WARN_UNUSED_FUNCTION = YES;
				GCC_WARN_UNUSED_VARIABLE = YES;
				IPHONEOS_DEPLOYMENT_TARGET = 13.0;
				MTL_ENABLE_DEBUG_INFO = INCLUDE_SOURCE;
				MTL_FAST_MATH = YES;
				ONLY_ACTIVE_ARCH = YES;
				SDKROOT = iphoneos;
				SWIFT_ACTIVE_COMPILATION_CONDITIONS = DEBUG;
				SWIFT_OPTIMIZATION_LEVEL = "-Onone";
			};
			name = Debug;
		};
		84EB1D082613867100670CE1 /* Release */ = {
			isa = XCBuildConfiguration;
			buildSettings = {
				ALWAYS_SEARCH_USER_PATHS = NO;
				CLANG_ANALYZER_NONNULL = YES;
				CLANG_ANALYZER_NUMBER_OBJECT_CONVERSION = YES_AGGRESSIVE;
				CLANG_CXX_LANGUAGE_STANDARD = "gnu++14";
				CLANG_CXX_LIBRARY = "libc++";
				CLANG_ENABLE_MODULES = YES;
				CLANG_ENABLE_OBJC_ARC = YES;
				CLANG_ENABLE_OBJC_WEAK = YES;
				CLANG_WARN_BLOCK_CAPTURE_AUTORELEASING = YES;
				CLANG_WARN_BOOL_CONVERSION = YES;
				CLANG_WARN_COMMA = YES;
				CLANG_WARN_CONSTANT_CONVERSION = YES;
				CLANG_WARN_DEPRECATED_OBJC_IMPLEMENTATIONS = YES;
				CLANG_WARN_DIRECT_OBJC_ISA_USAGE = YES_ERROR;
				CLANG_WARN_DOCUMENTATION_COMMENTS = YES;
				CLANG_WARN_EMPTY_BODY = YES;
				CLANG_WARN_ENUM_CONVERSION = YES;
				CLANG_WARN_INFINITE_RECURSION = YES;
				CLANG_WARN_INT_CONVERSION = YES;
				CLANG_WARN_NON_LITERAL_NULL_CONVERSION = YES;
				CLANG_WARN_OBJC_IMPLICIT_RETAIN_SELF = YES;
				CLANG_WARN_OBJC_LITERAL_CONVERSION = YES;
				CLANG_WARN_OBJC_ROOT_CLASS = YES_ERROR;
				CLANG_WARN_QUOTED_INCLUDE_IN_FRAMEWORK_HEADER = YES;
				CLANG_WARN_RANGE_LOOP_ANALYSIS = YES;
				CLANG_WARN_STRICT_PROTOTYPES = YES;
				CLANG_WARN_SUSPICIOUS_MOVE = YES;
				CLANG_WARN_UNGUARDED_AVAILABILITY = YES_AGGRESSIVE;
				CLANG_WARN_UNREACHABLE_CODE = YES;
				CLANG_WARN__DUPLICATE_METHOD_MATCH = YES;
				COPY_PHASE_STRIP = NO;
				DEBUG_INFORMATION_FORMAT = "dwarf-with-dsym";
				ENABLE_NS_ASSERTIONS = NO;
				ENABLE_STRICT_OBJC_MSGSEND = YES;
				GCC_C_LANGUAGE_STANDARD = gnu11;
				GCC_NO_COMMON_BLOCKS = YES;
				GCC_WARN_64_TO_32_BIT_CONVERSION = YES;
				GCC_WARN_ABOUT_RETURN_TYPE = YES_ERROR;
				GCC_WARN_UNDECLARED_SELECTOR = YES;
				GCC_WARN_UNINITIALIZED_AUTOS = YES_AGGRESSIVE;
				GCC_WARN_UNUSED_FUNCTION = YES;
				GCC_WARN_UNUSED_VARIABLE = YES;
				IPHONEOS_DEPLOYMENT_TARGET = 13.0;
				MTL_ENABLE_DEBUG_INFO = NO;
				MTL_FAST_MATH = YES;
				SDKROOT = iphoneos;
				SWIFT_COMPILATION_MODE = wholemodule;
				SWIFT_OPTIMIZATION_LEVEL = "-O";
				VALIDATE_PRODUCT = YES;
			};
			name = Release;
		};
		84EB1D0A2613867100670CE1 /* Debug */ = {
			isa = XCBuildConfiguration;
			buildSettings = {
				ASSETCATALOG_COMPILER_APPICON_NAME = AppIcon;
				ASSETCATALOG_COMPILER_GLOBAL_ACCENT_COLOR_NAME = AccentColor;
				CODE_SIGN_STYLE = Automatic;
				CURRENT_PROJECT_VERSION = 1;
				DEVELOPMENT_TEAM = 76ZV6J8YGZ;
				INFOPLIST_FILE = groceryCalculator/Info.plist;
				IPHONEOS_DEPLOYMENT_TARGET = 13.2;
				LD_RUNPATH_SEARCH_PATHS = (
					"$(inherited)",
					"@executable_path/Frameworks",
				);
				MARKETING_VERSION = 1.0;
				PRODUCT_BUNDLE_IDENTIFIER = me.Camp.Mike.groceryCalc;
				PRODUCT_NAME = "$(TARGET_NAME)";
				SWIFT_VERSION = 5.0;
				TARGETED_DEVICE_FAMILY = "1,2";
			};
			name = Debug;
		};
		84EB1D0B2613867100670CE1 /* Release */ = {
			isa = XCBuildConfiguration;
			buildSettings = {
				ASSETCATALOG_COMPILER_APPICON_NAME = AppIcon;
				ASSETCATALOG_COMPILER_GLOBAL_ACCENT_COLOR_NAME = AccentColor;
				CODE_SIGN_STYLE = Automatic;
				CURRENT_PROJECT_VERSION = 1;
				DEVELOPMENT_TEAM = 76ZV6J8YGZ;
				INFOPLIST_FILE = groceryCalculator/Info.plist;
				IPHONEOS_DEPLOYMENT_TARGET = 13.2;
				LD_RUNPATH_SEARCH_PATHS = (
					"$(inherited)",
					"@executable_path/Frameworks",
				);
				MARKETING_VERSION = 1.0;
				PRODUCT_BUNDLE_IDENTIFIER = me.Camp.Mike.groceryCalc;
				PRODUCT_NAME = "$(TARGET_NAME)";
				SWIFT_VERSION = 5.0;
				TARGETED_DEVICE_FAMILY = "1,2";
			};
			name = Release;
		};
/* End XCBuildConfiguration section */

/* Begin XCConfigurationList section */
		84EB1CED2613866E00670CE1 /* Build configuration list for PBXProject "groceryCalculator" */ = {
			isa = XCConfigurationList;
			buildConfigurations = (
				84EB1D072613867100670CE1 /* Debug */,
				84EB1D082613867100670CE1 /* Release */,
			);
			defaultConfigurationIsVisible = 0;
			defaultConfigurationName = Release;
		};
		84EB1D092613867100670CE1 /* Build configuration list for PBXNativeTarget "groceryCalculator" */ = {
			isa = XCConfigurationList;
			buildConfigurations = (
				84EB1D0A2613867100670CE1 /* Debug */,
				84EB1D0B2613867100670CE1 /* Release */,
			);
			defaultConfigurationIsVisible = 0;
			defaultConfigurationName = Release;
		};
/* End XCConfigurationList section */

/* Begin XCVersionGroup section */
		84EB1CFE2613866E00670CE1 /* DataModel.xcdatamodeld */ = {
			isa = XCVersionGroup;
			children = (
				84EB1CFF2613866E00670CE1 /* groceryCalculator.xcdatamodel */,
			);
			currentVersion = 84EB1CFF2613866E00670CE1 /* groceryCalculator.xcdatamodel */;
			path = DataModel.xcdatamodeld;
			sourceTree = "<group>";
			versionGroupType = wrapper.xcdatamodel;
		};
/* End XCVersionGroup section */
	};
	rootObject = 84EB1CEA2613866E00670CE1 /* Project object */;
}
